// !$*UTF8*$!
{
	archiveVersion = 1;
	classes = {
	};
	objectVersion = 46;
	objects = {

/* Begin PBXBuildFile section */
		34DD8C961ADB520E0050B97F /* AppDelegate.swift in Sources */ = {isa = PBXBuildFile; fileRef = 34DD8C951ADB520E0050B97F /* AppDelegate.swift */; };
		34DD8C981ADB520E0050B97F /* ViewController.swift in Sources */ = {isa = PBXBuildFile; fileRef = 34DD8C971ADB520E0050B97F /* ViewController.swift */; };
		34DD8C9B1ADB520E0050B97F /* Main.storyboard in Resources */ = {isa = PBXBuildFile; fileRef = 34DD8C991ADB520E0050B97F /* Main.storyboard */; };
		34DD8C9D1ADB520E0050B97F /* Images.xcassets in Resources */ = {isa = PBXBuildFile; fileRef = 34DD8C9C1ADB520E0050B97F /* Images.xcassets */; };
		34DD8CA01ADB520E0050B97F /* LaunchScreen.xib in Resources */ = {isa = PBXBuildFile; fileRef = 34DD8C9E1ADB520E0050B97F /* LaunchScreen.xib */; };
		34DD8CAC1ADB520E0050B97F /* calC_Tests.swift in Sources */ = {isa = PBXBuildFile; fileRef = 34DD8CAB1ADB520E0050B97F /* calC_Tests.swift */; };
/* End PBXBuildFile section */

/* Begin PBXContainerItemProxy section */
		34DD8CA61ADB520E0050B97F /* PBXContainerItemProxy */ = {
			isa = PBXContainerItemProxy;
			containerPortal = 34DD8C881ADB520D0050B97F /* Project object */;
			proxyType = 1;
			remoteGlobalIDString = 34DD8C8F1ADB520D0050B97F;
			remoteInfo = "calC+";
		};
/* End PBXContainerItemProxy section */

/* Begin PBXFileReference section */
		34DD8C901ADB520D0050B97F /* calC+.app */ = {isa = PBXFileReference; explicitFileType = wrapper.application; includeInIndex = 0; path = "calC+.app"; sourceTree = BUILT_PRODUCTS_DIR; };
		34DD8C941ADB520E0050B97F /* Info.plist */ = {isa = PBXFileReference; lastKnownFileType = text.plist.xml; path = Info.plist; sourceTree = "<group>"; };
		34DD8C951ADB520E0050B97F /* AppDelegate.swift */ = {isa = PBXFileReference; lastKnownFileType = sourcecode.swift; path = AppDelegate.swift; sourceTree = "<group>"; };
		34DD8C971ADB520E0050B97F /* ViewController.swift */ = {isa = PBXFileReference; lastKnownFileType = sourcecode.swift; path = ViewController.swift; sourceTree = "<group>"; };
		34DD8C9A1ADB520E0050B97F /* Base */ = {isa = PBXFileReference; lastKnownFileType = file.storyboard; name = Base; path = Base.lproj/Main.storyboard; sourceTree = "<group>"; };
		34DD8C9C1ADB520E0050B97F /* Images.xcassets */ = {isa = PBXFileReference; lastKnownFileType = folder.assetcatalog; path = Images.xcassets; sourceTree = "<group>"; };
		34DD8C9F1ADB520E0050B97F /* Base */ = {isa = PBXFileReference; lastKnownFileType = file.xib; name = Base; path = Base.lproj/LaunchScreen.xib; sourceTree = "<group>"; };
		34DD8CA51ADB520E0050B97F /* calC+Tests.xctest */ = {isa = PBXFileReference; explicitFileType = wrapper.cfbundle; includeInIndex = 0; path = "calC+Tests.xctest"; sourceTree = BUILT_PRODUCTS_DIR; };
		34DD8CAA1ADB520E0050B97F /* Info.plist */ = {isa = PBXFileReference; lastKnownFileType = text.plist.xml; path = Info.plist; sourceTree = "<group>"; };
		34DD8CAB1ADB520E0050B97F /* calC_Tests.swift */ = {isa = PBXFileReference; lastKnownFileType = sourcecode.swift; path = calC_Tests.swift; sourceTree = "<group>"; };
/* End PBXFileReference section */

/* Begin PBXFrameworksBuildPhase section */
		34DD8C8D1ADB520D0050B97F /* Frameworks */ = {
			isa = PBXFrameworksBuildPhase;
			buildActionMask = 2147483647;
			files = (
			);
			runOnlyForDeploymentPostprocessing = 0;
		};
		34DD8CA21ADB520E0050B97F /* Frameworks */ = {
			isa = PBXFrameworksBuildPhase;
			buildActionMask = 2147483647;
			files = (
			);
			runOnlyForDeploymentPostprocessing = 0;
		};
/* End PBXFrameworksBuildPhase section */

/* Begin PBXGroup section */
		34DD8C871ADB520D0050B97F = {
			isa = PBXGroup;
			children = (
				34DD8C921ADB520D0050B97F /* calC+ */,
				34DD8CA81ADB520E0050B97F /* calC+Tests */,
				34DD8C911ADB520D0050B97F /* Products */,
			);
			sourceTree = "<group>";
		};
		34DD8C911ADB520D0050B97F /* Products */ = {
			isa = PBXGroup;
			children = (
				34DD8C901ADB520D0050B97F /* calC+.app */,
				34DD8CA51ADB520E0050B97F /* calC+Tests.xctest */,
			);
			name = Products;
			sourceTree = "<group>";
		};
		34DD8C921ADB520D0050B97F /* calC+ */ = {
			isa = PBXGroup;
			children = (
				34DD8C951ADB520E0050B97F /* AppDelegate.swift */,
				34DD8C971ADB520E0050B97F /* ViewController.swift */,
				34DD8C991ADB520E0050B97F /* Main.storyboard */,
				34DD8C9C1ADB520E0050B97F /* Images.xcassets */,
				34DD8C9E1ADB520E0050B97F /* LaunchScreen.xib */,
				34DD8C931ADB520E0050B97F /* Supporting Files */,
			);
			path = "calC+";
			sourceTree = "<group>";
		};
		34DD8C931ADB520E0050B97F /* Supporting Files */ = {
			isa = PBXGroup;
			children = (
				34DD8C941ADB520E0050B97F /* Info.plist */,
			);
			name = "Supporting Files";
			sourceTree = "<group>";
		};
		34DD8CA81ADB520E0050B97F /* calC+Tests */ = {
			isa = PBXGroup;
			children = (
				34DD8CAB1ADB520E0050B97F /* calC_Tests.swift */,
				34DD8CA91ADB520E0050B97F /* Supporting Files */,
			);
			path = "calC+Tests";
			sourceTree = "<group>";
		};
		34DD8CA91ADB520E0050B97F /* Supporting Files */ = {
			isa = PBXGroup;
			children = (
				34DD8CAA1ADB520E0050B97F /* Info.plist */,
			);
			name = "Supporting Files";
			sourceTree = "<group>";
		};
/* End PBXGroup section */

/* Begin PBXNativeTarget section */
		34DD8C8F1ADB520D0050B97F /* calC+ */ = {
			isa = PBXNativeTarget;
			buildConfigurationList = 34DD8CAF1ADB520E0050B97F /* Build configuration list for PBXNativeTarget "calC+" */;
			buildPhases = (
				34DD8C8C1ADB520D0050B97F /* Sources */,
				34DD8C8D1ADB520D0050B97F /* Frameworks */,
				34DD8C8E1ADB520D0050B97F /* Resources */,
			);
			buildRules = (
			);
			dependencies = (
			);
			name = "calC+";
			productName = "calC+";
			productReference = 34DD8C901ADB520D0050B97F /* calC+.app */;
			productType = "com.apple.product-type.application";
		};
		34DD8CA41ADB520E0050B97F /* calC+Tests */ = {
			isa = PBXNativeTarget;
			buildConfigurationList = 34DD8CB21ADB520E0050B97F /* Build configuration list for PBXNativeTarget "calC+Tests" */;
			buildPhases = (
				34DD8CA11ADB520E0050B97F /* Sources */,
				34DD8CA21ADB520E0050B97F /* Frameworks */,
				34DD8CA31ADB520E0050B97F /* Resources */,
			);
			buildRules = (
			);
			dependencies = (
				34DD8CA71ADB520E0050B97F /* PBXTargetDependency */,
			);
			name = "calC+Tests";
			productName = "calC+Tests";
			productReference = 34DD8CA51ADB520E0050B97F /* calC+Tests.xctest */;
			productType = "com.apple.product-type.bundle.unit-test";
		};
/* End PBXNativeTarget section */

/* Begin PBXProject section */
		34DD8C881ADB520D0050B97F /* Project object */ = {
			isa = PBXProject;
			attributes = {
				LastUpgradeCheck = 0610;
				ORGANIZATIONNAME = "iAppTest Inc.";
				TargetAttributes = {
					34DD8C8F1ADB520D0050B97F = {
						CreatedOnToolsVersion = 6.1.1;
					};
					34DD8CA41ADB520E0050B97F = {
						CreatedOnToolsVersion = 6.1.1;
						TestTargetID = 34DD8C8F1ADB520D0050B97F;
					};
				};
			};
			buildConfigurationList = 34DD8C8B1ADB520D0050B97F /* Build configuration list for PBXProject "calC+" */;
			compatibilityVersion = "Xcode 3.2";
			developmentRegion = English;
			hasScannedForEncodings = 0;
			knownRegions = (
				en,
				Base,
			);
			mainGroup = 34DD8C871ADB520D0050B97F;
			productRefGroup = 34DD8C911ADB520D0050B97F /* Products */;
			projectDirPath = "";
			projectRoot = "";
			targets = (
				34DD8C8F1ADB520D0050B97F /* calC+ */,
				34DD8CA41ADB520E0050B97F /* calC+Tests */,
			);
		};
/* End PBXProject section */

/* Begin PBXResourcesBuildPhase section */
		34DD8C8E1ADB520D0050B97F /* Resources */ = {
			isa = PBXResourcesBuildPhase;
			buildActionMask = 2147483647;
			files = (
				34DD8C9B1ADB520E0050B97F /* Main.storyboard in Resources */,
				34DD8CA01ADB520E0050B97F /* LaunchScreen.xib in Resources */,
				34DD8C9D1ADB520E0050B97F /* Images.xcassets in Resources */,
			);
			runOnlyForDeploymentPostprocessing = 0;
		};
		34DD8CA31ADB520E0050B97F /* Resources */ = {
			isa = PBXResourcesBuildPhase;
			buildActionMask = 2147483647;
			files = (
			);
			runOnlyForDeploymentPostprocessing = 0;
		};
/* End PBXResourcesBuildPhase section */

/* Begin PBXSourcesBuildPhase section */
		34DD8C8C1ADB520D0050B97F /* Sources */ = {
			isa = PBXSourcesBuildPhase;
			buildActionMask = 2147483647;
			files = (
				34DD8C981ADB520E0050B97F /* ViewController.swift in Sources */,
				34DD8C961ADB520E0050B97F /* AppDelegate.swift in Sources */,
			);
			runOnlyForDeploymentPostprocessing = 0;
		};
		34DD8CA11ADB520E0050B97F /* Sources */ = {
			isa = PBXSourcesBuildPhase;
			buildActionMask = 2147483647;
			files = (
				34DD8CAC1ADB520E0050B97F /* calC_Tests.swift in Sources */,
			);
			runOnlyForDeploymentPostprocessing = 0;
		};
/* End PBXSourcesBuildPhase section */

/* Begin PBXTargetDependency section */
		34DD8CA71ADB520E0050B97F /* PBXTargetDependency */ = {
			isa = PBXTargetDependency;
			target = 34DD8C8F1ADB520D0050B97F /* calC+ */;
			targetProxy = 34DD8CA61ADB520E0050B97F /* PBXContainerItemProxy */;
		};
/* End PBXTargetDependency section */

/* Begin PBXVariantGroup section */
		34DD8C991ADB520E0050B97F /* Main.storyboard */ = {
			isa = PBXVariantGroup;
			children = (
				34DD8C9A1ADB520E0050B97F /* Base */,
			);
			name = Main.storyboard;
			sourceTree = "<group>";
		};
		34DD8C9E1ADB520E0050B97F /* LaunchScreen.xib */ = {
			isa = PBXVariantGroup;
			children = (
				34DD8C9F1ADB520E0050B97F /* Base */,
			);
			name = LaunchScreen.xib;
			sourceTree = "<group>";
		};
/* End PBXVariantGroup section */

/* Begin XCBuildConfiguration section */
		34DD8CAD1ADB520E0050B97F /* Debug */ = {
			isa = XCBuildConfiguration;
			buildSettings = {
				ALWAYS_SEARCH_USER_PATHS = NO;
				CLANG_CXX_LANGUAGE_STANDARD = "gnu++0x";
				CLANG_CXX_LIBRARY = "libc++";
				CLANG_ENABLE_MODULES = YES;
				CLANG_ENABLE_OBJC_ARC = YES;
				CLANG_WARN_BOOL_CONVERSION = YES;
				CLANG_WARN_CONSTANT_CONVERSION = YES;
				CLANG_WARN_DIRECT_OBJC_ISA_USAGE = YES_ERROR;
				CLANG_WARN_EMPTY_BODY = YES;
				CLANG_WARN_ENUM_CONVERSION = YES;
				CLANG_WARN_INT_CONVERSION = YES;
				CLANG_WARN_OBJC_ROOT_CLASS = YES_ERROR;
				CLANG_WARN_UNREACHABLE_CODE = YES;
				CLANG_WARN__DUPLICATE_METHOD_MATCH = YES;
				"CODE_SIGN_IDENTITY[sdk=iphoneos*]" = "iPhone Developer";
				COPY_PHASE_STRIP = NO;
				ENABLE_STRICT_OBJC_MSGSEND = YES;
				GCC_C_LANGUAGE_STANDARD = gnu99;
				GCC_DYNAMIC_NO_PIC = NO;
				GCC_OPTIMIZATION_LEVEL = 0;
				GCC_PREPROCESSOR_DEFINITIONS = (
					"DEBUG=1",
					"$(inherited)",
				);
				GCC_SYMBOLS_PRIVATE_EXTERN = NO;
				GCC_WARN_64_TO_32_BIT_CONVERSION = YES;
				GCC_WARN_ABOUT_RETURN_TYPE = YES_ERROR;
				GCC_WARN_UNDECLARED_SELECTOR = YES;
				GCC_WARN_UNINITIALIZED_AUTOS = YES_AGGRESSIVE;
				GCC_WARN_UNUSED_FUNCTION = YES;
				GCC_WARN_UNUSED_VARIABLE = YES;
				IPHONEOS_DEPLOYMENT_TARGET = 8.1;
				MTL_ENABLE_DEBUG_INFO = YES;
				ONLY_ACTIVE_ARCH = YES;
				SDKROOT = iphoneos;
				SWIFT_OPTIMIZATION_LEVEL = "-Onone";
			};
			name = Debug;
		};
		34DD8CAE1ADB520E0050B97F /* Release */ = {
			isa = XCBuildConfiguration;
			buildSettings = {
				ALWAYS_SEARCH_USER_PATHS = NO;
				CLANG_CXX_LANGUAGE_STANDARD = "gnu++0x";
				CLANG_CXX_LIBRARY = "libc++";
				CLANG_ENABLE_MODULES = YES;
				CLANG_ENABLE_OBJC_ARC = YES;
				CLANG_WARN_BOOL_CONVERSION = YES;
				CLANG_WARN_CONSTANT_CONVERSION = YES;
				CLANG_WARN_DIRECT_OBJC_ISA_USAGE = YES_ERROR;
				CLANG_WARN_EMPTY_BODY = YES;
				CLANG_WARN_ENUM_CONVERSION = YES;
				CLANG_WARN_INT_CONVERSION = YES;
				CLANG_WARN_OBJC_ROOT_CLASS = YES_ERROR;
				CLANG_WARN_UNREACHABLE_CODE = YES;
				CLANG_WARN__DUPLICATE_METHOD_MATCH = YES;
				"CODE_SIGN_IDENTITY[sdk=iphoneos*]" = "iPhone Developer";
				COPY_PHASE_STRIP = YES;
				ENABLE_NS_ASSERTIONS = NO;
				ENABLE_STRICT_OBJC_MSGSEND = YES;
				GCC_C_LANGUAGE_STANDARD = gnu99;
				GCC_WARN_64_TO_32_BIT_CONVERSION = YES;
				GCC_WARN_ABOUT_RETURN_TYPE = YES_ERROR;
				GCC_WARN_UNDECLARED_SELECTOR = YES;
				GCC_WARN_UNINITIALIZED_AUTOS = YES_AGGRESSIVE;
				GCC_WARN_UNUSED_FUNCTION = YES;
				GCC_WARN_UNUSED_VARIABLE = YES;
				IPHONEOS_DEPLOYMENT_TARGET = 8.1;
				MTL_ENABLE_DEBUG_INFO = NO;
				SDKROOT = iphoneos;
				VALIDATE_PRODUCT = YES;
			};
			name = Release;
		};
		34DD8CB01ADB520E0050B97F /* Debug */ = {
			isa = XCBuildConfiguration;
			buildSettings = {
				ASSETCATALOG_COMPILER_APPICON_NAME = AppIcon;
				INFOPLIST_FILE = "calC+/Info.plist";
				LD_RUNPATH_SEARCH_PATHS = "$(inherited) @executable_path/Frameworks";
				PRODUCT_NAME = "$(TARGET_NAME)";
			};
			name = Debug;
		};
		34DD8CB11ADB520E0050B97F /* Release */ = {
			isa = XCBuildConfiguration;
			buildSettings = {
				ASSETCATALOG_COMPILER_APPICON_NAME = AppIcon;
				INFOPLIST_FILE = "calC+/Info.plist";
				LD_RUNPATH_SEARCH_PATHS = "$(inherited) @executable_path/Frameworks";
				PRODUCT_NAME = "$(TARGET_NAME)";
			};
			name = Release;
		};
		34DD8CB31ADB520E0050B97F /* Debug */ = {
			isa = XCBuildConfiguration;
			buildSettings = {
				BUNDLE_LOADER = "$(TEST_HOST)";
				FRAMEWORK_SEARCH_PATHS = (
					"$(SDKROOT)/Developer/Library/Frameworks",
					"$(inherited)",
				);
				GCC_PREPROCESSOR_DEFINITIONS = (
					"DEBUG=1",
					"$(inherited)",
				);
				INFOPLIST_FILE = "calC+Tests/Info.plist";
				LD_RUNPATH_SEARCH_PATHS = "$(inherited) @executable_path/Frameworks @loader_path/Frameworks";
				PRODUCT_NAME = "$(TARGET_NAME)";
				TEST_HOST = "$(BUILT_PRODUCTS_DIR)/calC+.app/calC+";
			};
			name = Debug;
		};
		34DD8CB41ADB520E0050B97F /* Release */ = {
			isa = XCBuildConfiguration;
			buildSettings = {
				BUNDLE_LOADER = "$(TEST_HOST)";
				FRAMEWORK_SEARCH_PATHS = (
					"$(SDKROOT)/Developer/Library/Frameworks",
					"$(inherited)",
				);
				INFOPLIST_FILE = "calC+Tests/Info.plist";
				LD_RUNPATH_SEARCH_PATHS = "$(inherited) @executable_path/Frameworks @loader_path/Frameworks";
				PRODUCT_NAME = "$(TARGET_NAME)";
				TEST_HOST = "$(BUILT_PRODUCTS_DIR)/calC+.app/calC+";
			};
			name = Release;
		};
/* End XCBuildConfiguration section */

/* Begin XCConfigurationList section */
		34DD8C8B1ADB520D0050B97F /* Build configuration list for PBXProject "calC+" */ = {
			isa = XCConfigurationList;
			buildConfigurations = (
				34DD8CAD1ADB520E0050B97F /* Debug */,
				34DD8CAE1ADB520E0050B97F /* Release */,
			);
			defaultConfigurationIsVisible = 0;
			defaultConfigurationName = Release;
		};
		34DD8CAF1ADB520E0050B97F /* Build configuration list for PBXNativeTarget "calC+" */ = {
			isa = XCConfigurationList;
			buildConfigurations = (
				34DD8CB01ADB520E0050B97F /* Debug */,
				34DD8CB11ADB520E0050B97F /* Release */,
			);
			defaultConfigurationIsVisible = 0;
		};
		34DD8CB21ADB520E0050B97F /* Build configuration list for PBXNativeTarget "calC+Tests" */ = {
			isa = XCConfigurationList;
			buildConfigurations = (
				34DD8CB31ADB520E0050B97F /* Debug */,
				34DD8CB41ADB520E0050B97F /* Release */,
			);
			defaultConfigurationIsVisible = 0;
		};
/* End XCConfigurationList section */
	};
	rootObject = 34DD8C881ADB520D0050B97F /* Project object */;
}
